// !$*UTF8*$!
{
	archiveVersion = 1;
	classes = {
	};
	objectVersion = 46;
	objects = {

/* Begin PBXBuildFile section */
		A1028C401893EBEE008F83A2 /* Foundation.framework in Frameworks */ = {isa = PBXBuildFile; fileRef = A1028C3F1893EBEE008F83A2 /* Foundation.framework */; };
		A1028C421893EBEE008F83A2 /* CoreGraphics.framework in Frameworks */ = {isa = PBXBuildFile; fileRef = A1028C411893EBEE008F83A2 /* CoreGraphics.framework */; };
		A1028C441893EBEE008F83A2 /* UIKit.framework in Frameworks */ = {isa = PBXBuildFile; fileRef = A1028C431893EBEE008F83A2 /* UIKit.framework */; };
		A1028C4A1893EBEE008F83A2 /* InfoPlist.strings in Resources */ = {isa = PBXBuildFile; fileRef = A1028C481893EBEE008F83A2 /* InfoPlist.strings */; };
		A1028C4C1893EBEE008F83A2 /* main.m in Sources */ = {isa = PBXBuildFile; fileRef = A1028C4B1893EBEE008F83A2 /* main.m */; };
		A1028C501893EBEE008F83A2 /* AppDelegate.m in Sources */ = {isa = PBXBuildFile; fileRef = A1028C4F1893EBEE008F83A2 /* AppDelegate.m */; };
		A1028C531893EBEE008F83A2 /* Main.storyboard in Resources */ = {isa = PBXBuildFile; fileRef = A1028C511893EBEE008F83A2 /* Main.storyboard */; };
		A1028C561893EBEE008F83A2 /* FirstViewController.m in Sources */ = {isa = PBXBuildFile; fileRef = A1028C551893EBEE008F83A2 /* FirstViewController.m */; };
		A1028C591893EBEE008F83A2 /* SecondViewController.m in Sources */ = {isa = PBXBuildFile; fileRef = A1028C581893EBEE008F83A2 /* SecondViewController.m */; };
		A1028C5B1893EBEE008F83A2 /* Images.xcassets in Resources */ = {isa = PBXBuildFile; fileRef = A1028C5A1893EBEE008F83A2 /* Images.xcassets */; };
		A1028C621893EBEE008F83A2 /* XCTest.framework in Frameworks */ = {isa = PBXBuildFile; fileRef = A1028C611893EBEE008F83A2 /* XCTest.framework */; };
		A1028C631893EBEE008F83A2 /* Foundation.framework in Frameworks */ = {isa = PBXBuildFile; fileRef = A1028C3F1893EBEE008F83A2 /* Foundation.framework */; };
		A1028C641893EBEE008F83A2 /* UIKit.framework in Frameworks */ = {isa = PBXBuildFile; fileRef = A1028C431893EBEE008F83A2 /* UIKit.framework */; };
		A1028C6C1893EBEE008F83A2 /* InfoPlist.strings in Resources */ = {isa = PBXBuildFile; fileRef = A1028C6A1893EBEE008F83A2 /* InfoPlist.strings */; };
		A1028C6E1893EBEE008F83A2 /* ios_iLottoTests.m in Sources */ = {isa = PBXBuildFile; fileRef = A1028C6D1893EBEE008F83A2 /* ios_iLottoTests.m */; };
/* End PBXBuildFile section */

/* Begin PBXContainerItemProxy section */
		A1028C651893EBEE008F83A2 /* PBXContainerItemProxy */ = {
			isa = PBXContainerItemProxy;
			containerPortal = A1028C341893EBEE008F83A2 /* Project object */;
			proxyType = 1;
			remoteGlobalIDString = A1028C3B1893EBEE008F83A2;
			remoteInfo = ios_iLotto;
		};
/* End PBXContainerItemProxy section */

/* Begin PBXFileReference section */
		A1028C3C1893EBEE008F83A2 /* ios_iLotto.app */ = {isa = PBXFileReference; explicitFileType = wrapper.application; includeInIndex = 0; path = ios_iLotto.app; sourceTree = BUILT_PRODUCTS_DIR; };
		A1028C3F1893EBEE008F83A2 /* Foundation.framework */ = {isa = PBXFileReference; lastKnownFileType = wrapper.framework; name = Foundation.framework; path = System/Library/Frameworks/Foundation.framework; sourceTree = SDKROOT; };
		A1028C411893EBEE008F83A2 /* CoreGraphics.framework */ = {isa = PBXFileReference; lastKnownFileType = wrapper.framework; name = CoreGraphics.framework; path = System/Library/Frameworks/CoreGraphics.framework; sourceTree = SDKROOT; };
		A1028C431893EBEE008F83A2 /* UIKit.framework */ = {isa = PBXFileReference; lastKnownFileType = wrapper.framework; name = UIKit.framework; path = System/Library/Frameworks/UIKit.framework; sourceTree = SDKROOT; };
		A1028C471893EBEE008F83A2 /* ios_iLotto-Info.plist */ = {isa = PBXFileReference; lastKnownFileType = text.plist.xml; path = "ios_iLotto-Info.plist"; sourceTree = "<group>"; };
		A1028C491893EBEE008F83A2 /* en */ = {isa = PBXFileReference; lastKnownFileType = text.plist.strings; name = en; path = en.lproj/InfoPlist.strings; sourceTree = "<group>"; };
		A1028C4B1893EBEE008F83A2 /* main.m */ = {isa = PBXFileReference; lastKnownFileType = sourcecode.c.objc; path = main.m; sourceTree = "<group>"; };
		A1028C4D1893EBEE008F83A2 /* ios_iLotto-Prefix.pch */ = {isa = PBXFileReference; lastKnownFileType = sourcecode.c.h; path = "ios_iLotto-Prefix.pch"; sourceTree = "<group>"; };
		A1028C4E1893EBEE008F83A2 /* AppDelegate.h */ = {isa = PBXFileReference; lastKnownFileType = sourcecode.c.h; path = AppDelegate.h; sourceTree = "<group>"; };
		A1028C4F1893EBEE008F83A2 /* AppDelegate.m */ = {isa = PBXFileReference; lastKnownFileType = sourcecode.c.objc; path = AppDelegate.m; sourceTree = "<group>"; };
		A1028C521893EBEE008F83A2 /* Base */ = {isa = PBXFileReference; lastKnownFileType = file.storyboard; name = Base; path = Base.lproj/Main.storyboard; sourceTree = "<group>"; };
		A1028C541893EBEE008F83A2 /* FirstViewController.h */ = {isa = PBXFileReference; lastKnownFileType = sourcecode.c.h; path = FirstViewController.h; sourceTree = "<group>"; };
		A1028C551893EBEE008F83A2 /* FirstViewController.m */ = {isa = PBXFileReference; lastKnownFileType = sourcecode.c.objc; path = FirstViewController.m; sourceTree = "<group>"; };
		A1028C571893EBEE008F83A2 /* SecondViewController.h */ = {isa = PBXFileReference; lastKnownFileType = sourcecode.c.h; path = SecondViewController.h; sourceTree = "<group>"; };
		A1028C581893EBEE008F83A2 /* SecondViewController.m */ = {isa = PBXFileReference; lastKnownFileType = sourcecode.c.objc; path = SecondViewController.m; sourceTree = "<group>"; };
		A1028C5A1893EBEE008F83A2 /* Images.xcassets */ = {isa = PBXFileReference; lastKnownFileType = folder.assetcatalog; path = Images.xcassets; sourceTree = "<group>"; };
		A1028C601893EBEE008F83A2 /* ios_iLottoTests.xctest */ = {isa = PBXFileReference; explicitFileType = wrapper.cfbundle; includeInIndex = 0; path = ios_iLottoTests.xctest; sourceTree = BUILT_PRODUCTS_DIR; };
		A1028C611893EBEE008F83A2 /* XCTest.framework */ = {isa = PBXFileReference; lastKnownFileType = wrapper.framework; name = XCTest.framework; path = Library/Frameworks/XCTest.framework; sourceTree = DEVELOPER_DIR; };
		A1028C691893EBEE008F83A2 /* ios_iLottoTests-Info.plist */ = {isa = PBXFileReference; lastKnownFileType = text.plist.xml; path = "ios_iLottoTests-Info.plist"; sourceTree = "<group>"; };
		A1028C6B1893EBEE008F83A2 /* en */ = {isa = PBXFileReference; lastKnownFileType = text.plist.strings; name = en; path = en.lproj/InfoPlist.strings; sourceTree = "<group>"; };
		A1028C6D1893EBEE008F83A2 /* ios_iLottoTests.m */ = {isa = PBXFileReference; lastKnownFileType = sourcecode.c.objc; path = ios_iLottoTests.m; sourceTree = "<group>"; };
/* End PBXFileReference section */

/* Begin PBXFrameworksBuildPhase section */
		A1028C391893EBEE008F83A2 /* Frameworks */ = {
			isa = PBXFrameworksBuildPhase;
			buildActionMask = 2147483647;
			files = (
				A1028C421893EBEE008F83A2 /* CoreGraphics.framework in Frameworks */,
				A1028C441893EBEE008F83A2 /* UIKit.framework in Frameworks */,
				A1028C401893EBEE008F83A2 /* Foundation.framework in Frameworks */,
			);
			runOnlyForDeploymentPostprocessing = 0;
		};
		A1028C5D1893EBEE008F83A2 /* Frameworks */ = {
			isa = PBXFrameworksBuildPhase;
			buildActionMask = 2147483647;
			files = (
				A1028C621893EBEE008F83A2 /* XCTest.framework in Frameworks */,
				A1028C641893EBEE008F83A2 /* UIKit.framework in Frameworks */,
				A1028C631893EBEE008F83A2 /* Foundation.framework in Frameworks */,
			);
			runOnlyForDeploymentPostprocessing = 0;
		};
/* End PBXFrameworksBuildPhase section */

/* Begin PBXGroup section */
		A1028C331893EBEE008F83A2 = {
			isa = PBXGroup;
			children = (
				A1028C451893EBEE008F83A2 /* ios_iLotto */,
				A1028C671893EBEE008F83A2 /* ios_iLottoTests */,
				A1028C3E1893EBEE008F83A2 /* Frameworks */,
				A1028C3D1893EBEE008F83A2 /* Products */,
			);
			sourceTree = "<group>";
		};
		A1028C3D1893EBEE008F83A2 /* Products */ = {
			isa = PBXGroup;
			children = (
				A1028C3C1893EBEE008F83A2 /* ios_iLotto.app */,
				A1028C601893EBEE008F83A2 /* ios_iLottoTests.xctest */,
			);
			name = Products;
			sourceTree = "<group>";
		};
		A1028C3E1893EBEE008F83A2 /* Frameworks */ = {
			isa = PBXGroup;
			children = (
				A1028C3F1893EBEE008F83A2 /* Foundation.framework */,
				A1028C411893EBEE008F83A2 /* CoreGraphics.framework */,
				A1028C431893EBEE008F83A2 /* UIKit.framework */,
				A1028C611893EBEE008F83A2 /* XCTest.framework */,
			);
			name = Frameworks;
			sourceTree = "<group>";
		};
		A1028C451893EBEE008F83A2 /* ios_iLotto */ = {
			isa = PBXGroup;
			children = (
				A1028C4E1893EBEE008F83A2 /* AppDelegate.h */,
				A1028C4F1893EBEE008F83A2 /* AppDelegate.m */,
				A1028C511893EBEE008F83A2 /* Main.storyboard */,
				A1028C541893EBEE008F83A2 /* FirstViewController.h */,
				A1028C551893EBEE008F83A2 /* FirstViewController.m */,
				A1028C571893EBEE008F83A2 /* SecondViewController.h */,
				A1028C581893EBEE008F83A2 /* SecondViewController.m */,
				A1028C5A1893EBEE008F83A2 /* Images.xcassets */,
				A1028C461893EBEE008F83A2 /* Supporting Files */,
			);
			path = ios_iLotto;
			sourceTree = "<group>";
		};
		A1028C461893EBEE008F83A2 /* Supporting Files */ = {
			isa = PBXGroup;
			children = (
				A1028C471893EBEE008F83A2 /* ios_iLotto-Info.plist */,
				A1028C481893EBEE008F83A2 /* InfoPlist.strings */,
				A1028C4B1893EBEE008F83A2 /* main.m */,
				A1028C4D1893EBEE008F83A2 /* ios_iLotto-Prefix.pch */,
			);
			name = "Supporting Files";
			sourceTree = "<group>";
		};
		A1028C671893EBEE008F83A2 /* ios_iLottoTests */ = {
			isa = PBXGroup;
			children = (
				A1028C6D1893EBEE008F83A2 /* ios_iLottoTests.m */,
				A1028C681893EBEE008F83A2 /* Supporting Files */,
			);
			path = ios_iLottoTests;
			sourceTree = "<group>";
		};
		A1028C681893EBEE008F83A2 /* Supporting Files */ = {
			isa = PBXGroup;
			children = (
				A1028C691893EBEE008F83A2 /* ios_iLottoTests-Info.plist */,
				A1028C6A1893EBEE008F83A2 /* InfoPlist.strings */,
			);
			name = "Supporting Files";
			sourceTree = "<group>";
		};
/* End PBXGroup section */

/* Begin PBXNativeTarget section */
		A1028C3B1893EBEE008F83A2 /* ios_iLotto */ = {
			isa = PBXNativeTarget;
			buildConfigurationList = A1028C711893EBEE008F83A2 /* Build configuration list for PBXNativeTarget "ios_iLotto" */;
			buildPhases = (
				A1028C381893EBEE008F83A2 /* Sources */,
				A1028C391893EBEE008F83A2 /* Frameworks */,
				A1028C3A1893EBEE008F83A2 /* Resources */,
			);
			buildRules = (
			);
			dependencies = (
			);
			name = ios_iLotto;
			productName = ios_iLotto;
			productReference = A1028C3C1893EBEE008F83A2 /* ios_iLotto.app */;
			productType = "com.apple.product-type.application";
		};
		A1028C5F1893EBEE008F83A2 /* ios_iLottoTests */ = {
			isa = PBXNativeTarget;
			buildConfigurationList = A1028C741893EBEE008F83A2 /* Build configuration list for PBXNativeTarget "ios_iLottoTests" */;
			buildPhases = (
				A1028C5C1893EBEE008F83A2 /* Sources */,
				A1028C5D1893EBEE008F83A2 /* Frameworks */,
				A1028C5E1893EBEE008F83A2 /* Resources */,
			);
			buildRules = (
			);
			dependencies = (
				A1028C661893EBEE008F83A2 /* PBXTargetDependency */,
			);
			name = ios_iLottoTests;
			productName = ios_iLottoTests;
			productReference = A1028C601893EBEE008F83A2 /* ios_iLottoTests.xctest */;
			productType = "com.apple.product-type.bundle.unit-test";
		};
/* End PBXNativeTarget section */

/* Begin PBXProject section */
		A1028C341893EBEE008F83A2 /* Project object */ = {
			isa = PBXProject;
			attributes = {
				LastUpgradeCheck = 0500;
				ORGANIZATIONNAME = Andy;
				TargetAttributes = {
					A1028C5F1893EBEE008F83A2 = {
						TestTargetID = A1028C3B1893EBEE008F83A2;
					};
				};
			};
			buildConfigurationList = A1028C371893EBEE008F83A2 /* Build configuration list for PBXProject "ios_iLotto" */;
			compatibilityVersion = "Xcode 3.2";
			developmentRegion = English;
			hasScannedForEncodings = 0;
			knownRegions = (
				en,
				Base,
			);
			mainGroup = A1028C331893EBEE008F83A2;
			productRefGroup = A1028C3D1893EBEE008F83A2 /* Products */;
			projectDirPath = "";
			projectRoot = "";
			targets = (
				A1028C3B1893EBEE008F83A2 /* ios_iLotto */,
				A1028C5F1893EBEE008F83A2 /* ios_iLottoTests */,
			);
		};
/* End PBXProject section */

/* Begin PBXResourcesBuildPhase section */
		A1028C3A1893EBEE008F83A2 /* Resources */ = {
			isa = PBXResourcesBuildPhase;
			buildActionMask = 2147483647;
			files = (
				A1028C5B1893EBEE008F83A2 /* Images.xcassets in Resources */,
				A1028C4A1893EBEE008F83A2 /* InfoPlist.strings in Resources */,
				A1028C531893EBEE008F83A2 /* Main.storyboard in Resources */,
			);
			runOnlyForDeploymentPostprocessing = 0;
		};
		A1028C5E1893EBEE008F83A2 /* Resources */ = {
			isa = PBXResourcesBuildPhase;
			buildActionMask = 2147483647;
			files = (
				A1028C6C1893EBEE008F83A2 /* InfoPlist.strings in Resources */,
			);
			runOnlyForDeploymentPostprocessing = 0;
		};
/* End PBXResourcesBuildPhase section */

/* Begin PBXSourcesBuildPhase section */
		A1028C381893EBEE008F83A2 /* Sources */ = {
			isa = PBXSourcesBuildPhase;
			buildActionMask = 2147483647;
			files = (
				A1028C591893EBEE008F83A2 /* SecondViewController.m in Sources */,
				A1028C501893EBEE008F83A2 /* AppDelegate.m in Sources */,
				A1028C561893EBEE008F83A2 /* FirstViewController.m in Sources */,
				A1028C4C1893EBEE008F83A2 /* main.m in Sources */,
			);
			runOnlyForDeploymentPostprocessing = 0;
		};
		A1028C5C1893EBEE008F83A2 /* Sources */ = {
			isa = PBXSourcesBuildPhase;
			buildActionMask = 2147483647;
			files = (
				A1028C6E1893EBEE008F83A2 /* ios_iLottoTests.m in Sources */,
			);
			runOnlyForDeploymentPostprocessing = 0;
		};
/* End PBXSourcesBuildPhase section */

/* Begin PBXTargetDependency section */
		A1028C661893EBEE008F83A2 /* PBXTargetDependency */ = {
			isa = PBXTargetDependency;
			target = A1028C3B1893EBEE008F83A2 /* ios_iLotto */;
			targetProxy = A1028C651893EBEE008F83A2 /* PBXContainerItemProxy */;
		};
/* End PBXTargetDependency section */

/* Begin PBXVariantGroup section */
		A1028C481893EBEE008F83A2 /* InfoPlist.strings */ = {
			isa = PBXVariantGroup;
			children = (
				A1028C491893EBEE008F83A2 /* en */,
			);
			name = InfoPlist.strings;
			sourceTree = "<group>";
		};
		A1028C511893EBEE008F83A2 /* Main.storyboard */ = {
			isa = PBXVariantGroup;
			children = (
				A1028C521893EBEE008F83A2 /* Base */,
			);
			name = Main.storyboard;
			sourceTree = "<group>";
		};
		A1028C6A1893EBEE008F83A2 /* InfoPlist.strings */ = {
			isa = PBXVariantGroup;
			children = (
				A1028C6B1893EBEE008F83A2 /* en */,
			);
			name = InfoPlist.strings;
			sourceTree = "<group>";
		};
/* End PBXVariantGroup section */

/* Begin XCBuildConfiguration section */
		A1028C6F1893EBEE008F83A2 /* Debug */ = {
			isa = XCBuildConfiguration;
			buildSettings = {
				ALWAYS_SEARCH_USER_PATHS = NO;
				ARCHS = "$(ARCHS_STANDARD_INCLUDING_64_BIT)";
				CLANG_CXX_LANGUAGE_STANDARD = "gnu++0x";
				CLANG_CXX_LIBRARY = "libc++";
				CLANG_ENABLE_MODULES = YES;
				CLANG_ENABLE_OBJC_ARC = YES;
				CLANG_WARN_BOOL_CONVERSION = YES;
				CLANG_WARN_CONSTANT_CONVERSION = YES;
				CLANG_WARN_DIRECT_OBJC_ISA_USAGE = YES_ERROR;
				CLANG_WARN_EMPTY_BODY = YES;
				CLANG_WARN_ENUM_CONVERSION = YES;
				CLANG_WARN_INT_CONVERSION = YES;
				CLANG_WARN_OBJC_ROOT_CLASS = YES_ERROR;
				CLANG_WARN__DUPLICATE_METHOD_MATCH = YES;
				"CODE_SIGN_IDENTITY[sdk=iphoneos*]" = "iPhone Developer";
				COPY_PHASE_STRIP = NO;
				GCC_C_LANGUAGE_STANDARD = gnu99;
				GCC_DYNAMIC_NO_PIC = NO;
				GCC_OPTIMIZATION_LEVEL = 0;
				GCC_PREPROCESSOR_DEFINITIONS = (
					"DEBUG=1",
					"$(inherited)",
				);
				GCC_SYMBOLS_PRIVATE_EXTERN = NO;
				GCC_WARN_64_TO_32_BIT_CONVERSION = YES;
				GCC_WARN_ABOUT_RETURN_TYPE = YES_ERROR;
				GCC_WARN_UNDECLARED_SELECTOR = YES;
				GCC_WARN_UNINITIALIZED_AUTOS = YES;
				GCC_WARN_UNUSED_FUNCTION = YES;
				GCC_WARN_UNUSED_VARIABLE = YES;
				IPHONEOS_DEPLOYMENT_TARGET = 7.0;
				ONLY_ACTIVE_ARCH = YES;
				SDKROOT = iphoneos;
			};
			name = Debug;
		};
		A1028C701893EBEE008F83A2 /* Release */ = {
			isa = XCBuildConfiguration;
			buildSettings = {
				ALWAYS_SEARCH_USER_PATHS = NO;
				ARCHS = "$(ARCHS_STANDARD_INCLUDING_64_BIT)";
				CLANG_CXX_LANGUAGE_STANDARD = "gnu++0x";
				CLANG_CXX_LIBRARY = "libc++";
				CLANG_ENABLE_MODULES = YES;
				CLANG_ENABLE_OBJC_ARC = YES;
				CLANG_WARN_BOOL_CONVERSION = YES;
				CLANG_WARN_CONSTANT_CONVERSION = YES;
				CLANG_WARN_DIRECT_OBJC_ISA_USAGE = YES_ERROR;
				CLANG_WARN_EMPTY_BODY = YES;
				CLANG_WARN_ENUM_CONVERSION = YES;
				CLANG_WARN_INT_CONVERSION = YES;
				CLANG_WARN_OBJC_ROOT_CLASS = YES_ERROR;
				CLANG_WARN__DUPLICATE_METHOD_MATCH = YES;
				"CODE_SIGN_IDENTITY[sdk=iphoneos*]" = "iPhone Developer";
				COPY_PHASE_STRIP = YES;
				ENABLE_NS_ASSERTIONS = NO;
				GCC_C_LANGUAGE_STANDARD = gnu99;
				GCC_WARN_64_TO_32_BIT_CONVERSION = YES;
				GCC_WARN_ABOUT_RETURN_TYPE = YES_ERROR;
				GCC_WARN_UNDECLARED_SELECTOR = YES;
				GCC_WARN_UNINITIALIZED_AUTOS = YES;
				GCC_WARN_UNUSED_FUNCTION = YES;
				GCC_WARN_UNUSED_VARIABLE = YES;
				IPHONEOS_DEPLOYMENT_TARGET = 7.0;
				SDKROOT = iphoneos;
				VALIDATE_PRODUCT = YES;
			};
			name = Release;
		};
		A1028C721893EBEE008F83A2 /* Debug */ = {
			isa = XCBuildConfiguration;
			buildSettings = {
				ASSETCATALOG_COMPILER_APPICON_NAME = AppIcon;
				ASSETCATALOG_COMPILER_LAUNCHIMAGE_NAME = LaunchImage;
				GCC_PRECOMPILE_PREFIX_HEADER = YES;
				GCC_PREFIX_HEADER = "ios_iLotto/ios_iLotto-Prefix.pch";
				INFOPLIST_FILE = "ios_iLotto/ios_iLotto-Info.plist";
				PRODUCT_NAME = "$(TARGET_NAME)";
				WRAPPER_EXTENSION = app;
			};
			name = Debug;
		};
		A1028C731893EBEE008F83A2 /* Release */ = {
			isa = XCBuildConfiguration;
			buildSettings = {
				ASSETCATALOG_COMPILER_APPICON_NAME = AppIcon;
				ASSETCATALOG_COMPILER_LAUNCHIMAGE_NAME = LaunchImage;
				GCC_PRECOMPILE_PREFIX_HEADER = YES;
				GCC_PREFIX_HEADER = "ios_iLotto/ios_iLotto-Prefix.pch";
				INFOPLIST_FILE = "ios_iLotto/ios_iLotto-Info.plist";
				PRODUCT_NAME = "$(TARGET_NAME)";
				WRAPPER_EXTENSION = app;
			};
			name = Release;
		};
		A1028C751893EBEE008F83A2 /* Debug */ = {
			isa = XCBuildConfiguration;
			buildSettings = {
				ARCHS = "$(ARCHS_STANDARD_INCLUDING_64_BIT)";
				BUNDLE_LOADER = "$(BUILT_PRODUCTS_DIR)/ios_iLotto.app/ios_iLotto";
				FRAMEWORK_SEARCH_PATHS = (
					"$(SDKROOT)/Developer/Library/Frameworks",
					"$(inherited)",
					"$(DEVELOPER_FRAMEWORKS_DIR)",
				);
				GCC_PRECOMPILE_PREFIX_HEADER = YES;
				GCC_PREFIX_HEADER = "ios_iLotto/ios_iLotto-Prefix.pch";
				GCC_PREPROCESSOR_DEFINITIONS = (
					"DEBUG=1",
					"$(inherited)",
				);
				INFOPLIST_FILE = "ios_iLottoTests/ios_iLottoTests-Info.plist";
				PRODUCT_NAME = "$(TARGET_NAME)";
				TEST_HOST = "$(BUNDLE_LOADER)";
				WRAPPER_EXTENSION = xctest;
			};
			name = Debug;
		};
		A1028C761893EBEE008F83A2 /* Release */ = {
			isa = XCBuildConfiguration;
			buildSettings = {
				ARCHS = "$(ARCHS_STANDARD_INCLUDING_64_BIT)";
				BUNDLE_LOADER = "$(BUILT_PRODUCTS_DIR)/ios_iLotto.app/ios_iLotto";
				FRAMEWORK_SEARCH_PATHS = (
					"$(SDKROOT)/Developer/Library/Frameworks",
					"$(inherited)",
					"$(DEVELOPER_FRAMEWORKS_DIR)",
				);
				GCC_PRECOMPILE_PREFIX_HEADER = YES;
				GCC_PREFIX_HEADER = "ios_iLotto/ios_iLotto-Prefix.pch";
				INFOPLIST_FILE = "ios_iLottoTests/ios_iLottoTests-Info.plist";
				PRODUCT_NAME = "$(TARGET_NAME)";
				TEST_HOST = "$(BUNDLE_LOADER)";
				WRAPPER_EXTENSION = xctest;
			};
			name = Release;
		};
/* End XCBuildConfiguration section */

/* Begin XCConfigurationList section */
		A1028C371893EBEE008F83A2 /* Build configuration list for PBXProject "ios_iLotto" */ = {
			isa = XCConfigurationList;
			buildConfigurations = (
				A1028C6F1893EBEE008F83A2 /* Debug */,
				A1028C701893EBEE008F83A2 /* Release */,
			);
			defaultConfigurationIsVisible = 0;
			defaultConfigurationName = Release;
		};
		A1028C711893EBEE008F83A2 /* Build configuration list for PBXNativeTarget "ios_iLotto" */ = {
			isa = XCConfigurationList;
			buildConfigurations = (
				A1028C721893EBEE008F83A2 /* Debug */,
				A1028C731893EBEE008F83A2 /* Release */,
			);
			defaultConfigurationIsVisible = 0;
		};
		A1028C741893EBEE008F83A2 /* Build configuration list for PBXNativeTarget "ios_iLottoTests" */ = {
			isa = XCConfigurationList;
			buildConfigurations = (
				A1028C751893EBEE008F83A2 /* Debug */,
				A1028C761893EBEE008F83A2 /* Release */,
			);
			defaultConfigurationIsVisible = 0;
		};
/* End XCConfigurationList section */
	};
	rootObject = A1028C341893EBEE008F83A2 /* Project object */;
}
